
Microsoft Visual Studio Solution File, Format Version 12.00
# Visual Studio Version 16
VisualStudioVersion = 16.0.29025.244
MinimumVisualStudioVersion = 10.0.40219.1
Project("{2150E333-8FDC-42A3-9474-1A3956D46DE8}") = "src", "src", "{1BE9C416-D4CD-40CE-95FD-37A604595058}"
EndProject
Project("{2150E333-8FDC-42A3-9474-1A3956D46DE8}") = "tests", "tests", "{2ED5DC21-5E61-4244-BF19-CEBA7B7FDB00}"
EndProject
Project("{9A19103F-16F7-4668-BE54-9A1E7A4F7556}") = "Korzh.DbUtils", "src\Korzh.DbUtils\Korzh.DbUtils.csproj", "{4FFD3940-7FE0-443F-AAC5-3C58A3C6ACFE}"
EndProject
Project("{9A19103F-16F7-4668-BE54-9A1E7A4F7556}") = "Korzh.DbTool", "src\Korzh.DbTool\Korzh.DbTool.csproj", "{3B1017DC-8410-4E9F-B0AF-B7CEE62DD8C2}"
EndProject
Project("{9A19103F-16F7-4668-BE54-9A1E7A4F7556}") = "Korzh.DbUtils.Tests", "tests\Korzh.DbUtils.Tests\Korzh.DbUtils.Tests.csproj", "{813D7CE2-162F-4E03-ABEA-F4685BBD0332}"
EndProject
Project("{2150E333-8FDC-42A3-9474-1A3956D46DE8}") = "samples", "samples", "{FA1BBF18-4752-4BAE-92F1-4DE0D721A91E}"
EndProject
Project("{9A19103F-16F7-4668-BE54-9A1E7A4F7556}") = "DbUtilsDemo.AspNetCore", "samples\DbUtilsDemo.AspNetCore\DbUtilsDemo.AspNetCore.csproj", "{EA51C0C3-4D53-45A8-9E0D-D05B22B87B07}"
EndProject
Project("{9A19103F-16F7-4668-BE54-9A1E7A4F7556}") = "Korzh.DbUtils.SqlServer", "src\Korzh.DbUtils.SqlServer\Korzh.DbUtils.SqlServer.csproj", "{7A941706-BE86-4477-8807-69CE52A60311}"
EndProject
Project("{9A19103F-16F7-4668-BE54-9A1E7A4F7556}") = "Korzh.DbUtils.MySql", "src\Korzh.DbUtils.MySql\Korzh.DbUtils.MySql.csproj", "{1BD3466E-C99E-4349-A78D-8D4FF650733F}"
EndProject
Project("{9A19103F-16F7-4668-BE54-9A1E7A4F7556}") = "Korzh.DbUtils.Export", "src\Korzh.DbUtils.Export\Korzh.DbUtils.Export.csproj", "{3CB45656-F4F8-4D90-B80F-D9DEC37EDAE5}"
EndProject
Project("{9A19103F-16F7-4668-BE54-9A1E7A4F7556}") = "Korzh.DbUtils.Import", "src\Korzh.DbUtils.Import\Korzh.DbUtils.Import.csproj", "{E1CC26CA-5EDE-41C4-9298-454B28E1DC33}"
EndProject
Project("{9A19103F-16F7-4668-BE54-9A1E7A4F7556}") = "Korzh.DbUtils.PostgreSql", "src\Korzh.DbUtils.PostgreSql\Korzh.DbUtils.PostgreSql.csproj", "{10378DBC-C428-4C73-A49A-D33C3ADF9B92}"
EndProject
Project("{9A19103F-16F7-4668-BE54-9A1E7A4F7556}") = "Korzh.DbUtils.EntityFrameworkCore.InMemory", "src\Korzh.DbUtils.EntityFrameworkCore\Korzh.DbUtils.EntityFrameworkCore.InMemory.csproj", "{ACCB593C-F570-49BE-BC5E-1B9D7B3A6580}"
EndProject
Project("{FAE04EC0-301F-11D3-BF4B-00C04F79EFBC}") = "Korzh.DbUtils.Sqlite", "src\Korzh.DbUtils.Sqlite\Korzh.DbUtils.Sqlite.csproj", "{3F9124C1-AB28-4925-8481-1646BD85505E}"
EndProject
Global
	GlobalSection(SolutionConfigurationPlatforms) = preSolution
		Debug|Any CPU = Debug|Any CPU
		Release|Any CPU = Release|Any CPU
	EndGlobalSection
	GlobalSection(ProjectConfigurationPlatforms) = postSolution
		{4FFD3940-7FE0-443F-AAC5-3C58A3C6ACFE}.Debug|Any CPU.ActiveCfg = Debug|Any CPU
		{4FFD3940-7FE0-443F-AAC5-3C58A3C6ACFE}.Debug|Any CPU.Build.0 = Debug|Any CPU
		{4FFD3940-7FE0-443F-AAC5-3C58A3C6ACFE}.Release|Any CPU.ActiveCfg = Release|Any CPU
		{4FFD3940-7FE0-443F-AAC5-3C58A3C6ACFE}.Release|Any CPU.Build.0 = Release|Any CPU
		{3B1017DC-8410-4E9F-B0AF-B7CEE62DD8C2}.Debug|Any CPU.ActiveCfg = Debug|Any CPU
		{3B1017DC-8410-4E9F-B0AF-B7CEE62DD8C2}.Debug|Any CPU.Build.0 = Debug|Any CPU
		{3B1017DC-8410-4E9F-B0AF-B7CEE62DD8C2}.Release|Any CPU.ActiveCfg = Release|Any CPU
		{3B1017DC-8410-4E9F-B0AF-B7CEE62DD8C2}.Release|Any CPU.Build.0 = Release|Any CPU
		{813D7CE2-162F-4E03-ABEA-F4685BBD0332}.Debug|Any CPU.ActiveCfg = Debug|Any CPU
		{813D7CE2-162F-4E03-ABEA-F4685BBD0332}.Debug|Any CPU.Build.0 = Debug|Any CPU
		{813D7CE2-162F-4E03-ABEA-F4685BBD0332}.Release|Any CPU.ActiveCfg = Release|Any CPU
		{813D7CE2-162F-4E03-ABEA-F4685BBD0332}.Release|Any CPU.Build.0 = Release|Any CPU
		{EA51C0C3-4D53-45A8-9E0D-D05B22B87B07}.Debug|Any CPU.ActiveCfg = Debug|Any CPU
		{EA51C0C3-4D53-45A8-9E0D-D05B22B87B07}.Debug|Any CPU.Build.0 = Debug|Any CPU
		{EA51C0C3-4D53-45A8-9E0D-D05B22B87B07}.Release|Any CPU.ActiveCfg = Release|Any CPU
		{EA51C0C3-4D53-45A8-9E0D-D05B22B87B07}.Release|Any CPU.Build.0 = Release|Any CPU
		{7A941706-BE86-4477-8807-69CE52A60311}.Debug|Any CPU.ActiveCfg = Debug|Any CPU
		{7A941706-BE86-4477-8807-69CE52A60311}.Debug|Any CPU.Build.0 = Debug|Any CPU
		{7A941706-BE86-4477-8807-69CE52A60311}.Release|Any CPU.ActiveCfg = Release|Any CPU
		{7A941706-BE86-4477-8807-69CE52A60311}.Release|Any CPU.Build.0 = Release|Any CPU
		{1BD3466E-C99E-4349-A78D-8D4FF650733F}.Debug|Any CPU.ActiveCfg = Debug|Any CPU
		{1BD3466E-C99E-4349-A78D-8D4FF650733F}.Debug|Any CPU.Build.0 = Debug|Any CPU
		{1BD3466E-C99E-4349-A78D-8D4FF650733F}.Release|Any CPU.ActiveCfg = Release|Any CPU
		{1BD3466E-C99E-4349-A78D-8D4FF650733F}.Release|Any CPU.Build.0 = Release|Any CPU
		{3CB45656-F4F8-4D90-B80F-D9DEC37EDAE5}.Debug|Any CPU.ActiveCfg = Debug|Any CPU
		{3CB45656-F4F8-4D90-B80F-D9DEC37EDAE5}.Debug|Any CPU.Build.0 = Debug|Any CPU
		{3CB45656-F4F8-4D90-B80F-D9DEC37EDAE5}.Release|Any CPU.ActiveCfg = Release|Any CPU
		{3CB45656-F4F8-4D90-B80F-D9DEC37EDAE5}.Release|Any CPU.Build.0 = Release|Any CPU
		{E1CC26CA-5EDE-41C4-9298-454B28E1DC33}.Debug|Any CPU.ActiveCfg = Debug|Any CPU
		{E1CC26CA-5EDE-41C4-9298-454B28E1DC33}.Debug|Any CPU.Build.0 = Debug|Any CPU
		{E1CC26CA-5EDE-41C4-9298-454B28E1DC33}.Release|Any CPU.ActiveCfg = Release|Any CPU
		{E1CC26CA-5EDE-41C4-9298-454B28E1DC33}.Release|Any CPU.Build.0 = Release|Any CPU
		{10378DBC-C428-4C73-A49A-D33C3ADF9B92}.Debug|Any CPU.ActiveCfg = Debug|Any CPU
		{10378DBC-C428-4C73-A49A-D33C3ADF9B92}.Debug|Any CPU.Build.0 = Debug|Any CPU
		{10378DBC-C428-4C73-A49A-D33C3ADF9B92}.Release|Any CPU.ActiveCfg = Release|Any CPU
		{10378DBC-C428-4C73-A49A-D33C3ADF9B92}.Release|Any CPU.Build.0 = Release|Any CPU
		{ACCB593C-F570-49BE-BC5E-1B9D7B3A6580}.Debug|Any CPU.ActiveCfg = Debug|Any CPU
		{ACCB593C-F570-49BE-BC5E-1B9D7B3A6580}.Debug|Any CPU.Build.0 = Debug|Any CPU
		{ACCB593C-F570-49BE-BC5E-1B9D7B3A6580}.Release|Any CPU.ActiveCfg = Release|Any CPU
		{ACCB593C-F570-49BE-BC5E-1B9D7B3A6580}.Release|Any CPU.Build.0 = Release|Any CPU
		{3F9124C1-AB28-4925-8481-1646BD85505E}.Debug|Any CPU.ActiveCfg = Debug|Any CPU
		{3F9124C1-AB28-4925-8481-1646BD85505E}.Debug|Any CPU.Build.0 = Debug|Any CPU
		{3F9124C1-AB28-4925-8481-1646BD85505E}.Release|Any CPU.ActiveCfg = Release|Any CPU
		{3F9124C1-AB28-4925-8481-1646BD85505E}.Release|Any CPU.Build.0 = Release|Any CPU
	EndGlobalSection
	GlobalSection(SolutionProperties) = preSolution
		HideSolutionNode = FALSE
	EndGlobalSection
	GlobalSection(NestedProjects) = preSolution
		{4FFD3940-7FE0-443F-AAC5-3C58A3C6ACFE} = {1BE9C416-D4CD-40CE-95FD-37A604595058}
		{3B1017DC-8410-4E9F-B0AF-B7CEE62DD8C2} = {1BE9C416-D4CD-40CE-95FD-37A604595058}
		{813D7CE2-162F-4E03-ABEA-F4685BBD0332} = {2ED5DC21-5E61-4244-BF19-CEBA7B7FDB00}
		{EA51C0C3-4D53-45A8-9E0D-D05B22B87B07} = {FA1BBF18-4752-4BAE-92F1-4DE0D721A91E}
		{7A941706-BE86-4477-8807-69CE52A60311} = {1BE9C416-D4CD-40CE-95FD-37A604595058}
		{1BD3466E-C99E-4349-A78D-8D4FF650733F} = {1BE9C416-D4CD-40CE-95FD-37A604595058}
		{3CB45656-F4F8-4D90-B80F-D9DEC37EDAE5} = {1BE9C416-D4CD-40CE-95FD-37A604595058}
		{E1CC26CA-5EDE-41C4-9298-454B28E1DC33} = {1BE9C416-D4CD-40CE-95FD-37A604595058}
		{10378DBC-C428-4C73-A49A-D33C3ADF9B92} = {1BE9C416-D4CD-40CE-95FD-37A604595058}
		{ACCB593C-F570-49BE-BC5E-1B9D7B3A6580} = {1BE9C416-D4CD-40CE-95FD-37A604595058}
		{3F9124C1-AB28-4925-8481-1646BD85505E} = {1BE9C416-D4CD-40CE-95FD-37A604595058}
	EndGlobalSection
	GlobalSection(ExtensibilityGlobals) = postSolution
		SolutionGuid = {B25EF7F4-DB2D-44B6-AA7F-2CAC60551D0C}
	EndGlobalSection
EndGlobal
