
Microsoft Visual Studio Solution File, Format Version 12.00
# Visual Studio Version 16
VisualStudioVersion = 16.0.29025.244
MinimumVisualStudioVersion = 10.0.40219.1
Project("{2150E333-8FDC-42A3-9474-1A3956D46DE8}") = "src", "src", "{1BE9C416-D4CD-40CE-95FD-37A604595058}"
EndProject
Project("{2150E333-8FDC-42A3-9474-1A3956D46DE8}") = "tests", "tests", "{2ED5DC21-5E61-4244-BF19-CEBA7B7FDB00}"
EndProject
Project("{9A19103F-16F7-4668-BE54-9A1E7A4F7556}") = "Korzh.DbUtils", "src\Korzh.DbUtils\Korzh.DbUtils.csproj", "{4FFD3940-7FE0-443F-AAC5-3C58A3C6ACFE}"
EndProject
Project("{9A19103F-16F7-4668-BE54-9A1E7A4F7556}") = "Korzh.DbTool", "src\Korzh.DbTool\Korzh.DbTool.csproj", "{3B1017DC-8410-4E9F-B0AF-B7CEE62DD8C2}"
EndProject
Project("{9A19103F-16F7-4668-BE54-9A1E7A4F7556}") = "Korzh.DbUtils.Tests", "tests\Korzh.DbUtils.Tests\Korzh.DbUtils.Tests.csproj", "{813D7CE2-162F-4E03-ABEA-F4685BBD0332}"
EndProject
Project("{9A19103F-16F7-4668-BE54-9A1E7A4F7556}") = "Korzh.DbUtils.EntityFrameworkCore", "src\Korzh.DbUtils.EntityFrameworkCore\Korzh.DbUtils.EntityFrameworkCore.csproj", "{5F0CCD3F-764F-4CED-AFFC-3A1F42FAF518}"
EndProject
Project("{2150E333-8FDC-42A3-9474-1A3956D46DE8}") = "samples", "samples", "{FA1BBF18-4752-4BAE-92F1-4DE0D721A91E}"
EndProject
Project("{9A19103F-16F7-4668-BE54-9A1E7A4F7556}") = "DbUtilsDemo", "samples\DbUtilsDemo\DbUtilsDemo.csproj", "{5A4889B8-8EB7-4242-A3A5-F177F9699799}"
EndProject
Project("{FAE04EC0-301F-11D3-BF4B-00C04F79EFBC}") = "AspNetCoreTestApp", "samples\AspNetCoreTestApp\AspNetCoreTestApp.csproj", "{EA51C0C3-4D53-45A8-9E0D-D05B22B87B07}"
EndProject
Global
	GlobalSection(SolutionConfigurationPlatforms) = preSolution
		Debug|Any CPU = Debug|Any CPU
		Release|Any CPU = Release|Any CPU
	EndGlobalSection
	GlobalSection(ProjectConfigurationPlatforms) = postSolution
		{4FFD3940-7FE0-443F-AAC5-3C58A3C6ACFE}.Debug|Any CPU.ActiveCfg = Debug|Any CPU
		{4FFD3940-7FE0-443F-AAC5-3C58A3C6ACFE}.Debug|Any CPU.Build.0 = Debug|Any CPU
		{4FFD3940-7FE0-443F-AAC5-3C58A3C6ACFE}.Release|Any CPU.ActiveCfg = Release|Any CPU
		{4FFD3940-7FE0-443F-AAC5-3C58A3C6ACFE}.Release|Any CPU.Build.0 = Release|Any CPU
		{3B1017DC-8410-4E9F-B0AF-B7CEE62DD8C2}.Debug|Any CPU.ActiveCfg = Debug|Any CPU
		{3B1017DC-8410-4E9F-B0AF-B7CEE62DD8C2}.Debug|Any CPU.Build.0 = Debug|Any CPU
		{3B1017DC-8410-4E9F-B0AF-B7CEE62DD8C2}.Release|Any CPU.ActiveCfg = Release|Any CPU
		{3B1017DC-8410-4E9F-B0AF-B7CEE62DD8C2}.Release|Any CPU.Build.0 = Release|Any CPU
		{813D7CE2-162F-4E03-ABEA-F4685BBD0332}.Debug|Any CPU.ActiveCfg = Debug|Any CPU
		{813D7CE2-162F-4E03-ABEA-F4685BBD0332}.Debug|Any CPU.Build.0 = Debug|Any CPU
		{813D7CE2-162F-4E03-ABEA-F4685BBD0332}.Release|Any CPU.ActiveCfg = Release|Any CPU
		{813D7CE2-162F-4E03-ABEA-F4685BBD0332}.Release|Any CPU.Build.0 = Release|Any CPU
		{5F0CCD3F-764F-4CED-AFFC-3A1F42FAF518}.Debug|Any CPU.ActiveCfg = Debug|Any CPU
		{5F0CCD3F-764F-4CED-AFFC-3A1F42FAF518}.Debug|Any CPU.Build.0 = Debug|Any CPU
		{5F0CCD3F-764F-4CED-AFFC-3A1F42FAF518}.Release|Any CPU.ActiveCfg = Release|Any CPU
		{5F0CCD3F-764F-4CED-AFFC-3A1F42FAF518}.Release|Any CPU.Build.0 = Release|Any CPU
		{5A4889B8-8EB7-4242-A3A5-F177F9699799}.Debug|Any CPU.ActiveCfg = Debug|Any CPU
		{5A4889B8-8EB7-4242-A3A5-F177F9699799}.Debug|Any CPU.Build.0 = Debug|Any CPU
		{5A4889B8-8EB7-4242-A3A5-F177F9699799}.Release|Any CPU.ActiveCfg = Release|Any CPU
		{5A4889B8-8EB7-4242-A3A5-F177F9699799}.Release|Any CPU.Build.0 = Release|Any CPU
		{EA51C0C3-4D53-45A8-9E0D-D05B22B87B07}.Debug|Any CPU.ActiveCfg = Debug|Any CPU
		{EA51C0C3-4D53-45A8-9E0D-D05B22B87B07}.Debug|Any CPU.Build.0 = Debug|Any CPU
		{EA51C0C3-4D53-45A8-9E0D-D05B22B87B07}.Release|Any CPU.ActiveCfg = Release|Any CPU
		{EA51C0C3-4D53-45A8-9E0D-D05B22B87B07}.Release|Any CPU.Build.0 = Release|Any CPU
	EndGlobalSection
	GlobalSection(SolutionProperties) = preSolution
		HideSolutionNode = FALSE
	EndGlobalSection
	GlobalSection(NestedProjects) = preSolution
		{4FFD3940-7FE0-443F-AAC5-3C58A3C6ACFE} = {1BE9C416-D4CD-40CE-95FD-37A604595058}
		{3B1017DC-8410-4E9F-B0AF-B7CEE62DD8C2} = {1BE9C416-D4CD-40CE-95FD-37A604595058}
		{813D7CE2-162F-4E03-ABEA-F4685BBD0332} = {2ED5DC21-5E61-4244-BF19-CEBA7B7FDB00}
		{5F0CCD3F-764F-4CED-AFFC-3A1F42FAF518} = {1BE9C416-D4CD-40CE-95FD-37A604595058}
		{5A4889B8-8EB7-4242-A3A5-F177F9699799} = {FA1BBF18-4752-4BAE-92F1-4DE0D721A91E}
		{EA51C0C3-4D53-45A8-9E0D-D05B22B87B07} = {FA1BBF18-4752-4BAE-92F1-4DE0D721A91E}
	EndGlobalSection
	GlobalSection(ExtensibilityGlobals) = postSolution
		SolutionGuid = {B25EF7F4-DB2D-44B6-AA7F-2CAC60551D0C}
	EndGlobalSection
EndGlobal
